
Microsoft Visual Studio Solution File, Format Version 12.00
# Visual Studio 15
VisualStudioVersion = 15.0.28010.0
MinimumVisualStudioVersion = 10.0.40219.1
Project("{FAE04EC0-301F-11D3-BF4B-00C04F79EFBC}") = "SimpleApi", "SimpleApi\SimpleApi.csproj", "{869BBAF6-2DF2-4C2B-81FF-B9F1CF8556DE}"
EndProject
Global
	GlobalSection(SolutionConfigurationPlatforms) = preSolution
		Debug|Any CPU = Debug|Any CPU
		Release|Any CPU = Release|Any CPU
	EndGlobalSection
	GlobalSection(ProjectConfigurationPlatforms) = postSolution
		{869BBAF6-2DF2-4C2B-81FF-B9F1CF8556DE}.Debug|Any CPU.ActiveCfg = Debug|Any CPU
		{869BBAF6-2DF2-4C2B-81FF-B9F1CF8556DE}.Debug|Any CPU.Build.0 = Debug|Any CPU
		{869BBAF6-2DF2-4C2B-81FF-B9F1CF8556DE}.Release|Any CPU.ActiveCfg = Release|Any CPU
		{869BBAF6-2DF2-4C2B-81FF-B9F1CF8556DE}.Release|Any CPU.Build.0 = Release|Any CPU
	EndGlobalSection
	GlobalSection(SolutionProperties) = preSolution
		HideSolutionNode = FALSE
	EndGlobalSection
	GlobalSection(ExtensibilityGlobals) = postSolution
		SolutionGuid = {7CB1FAA8-3C86-4354-ACAA-A002A5527236}
	EndGlobalSection
EndGlobal
